
Microsoft Visual Studio Solution File, Format Version 12.00
# Visual Studio Version 16
VisualStudioVersion = 16.0.30907.101
MinimumVisualStudioVersion = 10.0.40219.1
Project("{FAE04EC0-301F-11D3-BF4B-00C04F79EFBC}") = "BypassHealthAndSafety", "BypassHealthAndSafety\BypassHealthAndSafety.csproj", "{66A593B3-A2BA-46A3-8737-6B858AC67857}"
EndProject
Global
	GlobalSection(SolutionConfigurationPlatforms) = preSolution
		Debug|Any CPU = Debug|Any CPU
		Release|Any CPU = Release|Any CPU
	EndGlobalSection
	GlobalSection(ProjectConfigurationPlatforms) = postSolution
		{66A593B3-A2BA-46A3-8737-6B858AC67857}.Debug|Any CPU.ActiveCfg = Debug|Any CPU
		{66A593B3-A2BA-46A3-8737-6B858AC67857}.Debug|Any CPU.Build.0 = Debug|Any CPU
		{66A593B3-A2BA-46A3-8737-6B858AC67857}.Release|Any CPU.ActiveCfg = Release|Any CPU
		{66A593B3-A2BA-46A3-8737-6B858AC67857}.Release|Any CPU.Build.0 = Release|Any CPU
	EndGlobalSection
	GlobalSection(SolutionProperties) = preSolution
		HideSolutionNode = FALSE
	EndGlobalSection
	GlobalSection(ExtensibilityGlobals) = postSolution
		SolutionGuid = {BC6E7175-419E-48E3-84C7-A7F7A5D5B337}
	EndGlobalSection
EndGlobal
